PODS:
  - Firebase/CoreOnly (12.2.0):
    - FirebaseCore (~> 12.2.0)
  - firebase_core (4.1.1):
    - Firebase/CoreOnly (= 12.2.0)
    - Flutter
  - FirebaseCore (12.2.0):
    - FirebaseCoreInternal (~> 12.2.0)
    - GoogleUtilities/Environment (~> 8.1)
    - GoogleUtilities/Logger (~> 8.1)
  - FirebaseCoreInternal (12.2.0):
    - "GoogleUtilities/NSData+zlib (~> 8.1)"
  - Flutter (1.0.0)
  - GoogleUtilities/Environment (8.1.0):
    - GoogleUtilities/Privacy
  - GoogleUtilities/Logger (8.1.0):
    - GoogleUtilities/Environment
    - GoogleUtilities/Privacy
  - "GoogleUtilities/NSData+zlib (8.1.0)":
    - GoogleUtilities/Privacy
  - GoogleUtilities/Privacy (8.1.0)

DEPENDENCIES:
  - firebase_core (from `.symlinks/plugins/firebase_core/ios`)
  - Flutter (from `Flutter`)

SPEC REPOS:
  trunk:
    - Firebase
    - FirebaseCore
    - FirebaseCoreInternal
    - GoogleUtilities

EXTERNAL SOURCES:
  firebase_core:
    :path: ".symlinks/plugins/firebase_core/ios"
  Flutter:
    :path: Flutter

SPEC CHECKSUMS:
  Firebase: 26f6f8d460603af3df970ad505b16b15f5e2e9a1
  firebase_core: c92b2e526c46f625784f19c07121cd533536d0e7
  FirebaseCore: 311c48a147ad4a0ab7febbaed89e8025c67510cd
  FirebaseCoreInternal: 56ea29f3dad2894f81b060f706f9d53509b6ed3b
  Flutter: e0871f40cf51350855a761d2e70bf5af5b9b5de7
  GoogleUtilities: 00c88b9a86066ef77f0da2fab05f65d7768ed8e1

PODFILE CHECKSUM: eeac7f8899ab0399f2c43c38bea3eb26176dd77a

COCOAPODS: 1.13.0
